
Microsoft Visual Studio Solution File, Format Version 12.00
# Visual Studio Version 17
VisualStudioVersion = 17.14.36202.13 d17.14
MinimumVisualStudioVersion = 10.0.40219.1
Project("{FAE04EC0-301F-11D3-BF4B-00C04F79EFBC}") = "Escape Room", "Escape Room\Escape Room.csproj", "{BBC5550C-00F1-4EB1-9A09-D16700A0BBA1}"
EndProject
Global
	GlobalSection(SolutionConfigurationPlatforms) = preSolution
		Debug|Any CPU = Debug|Any CPU
		Release|Any CPU = Release|Any CPU
	EndGlobalSection
	GlobalSection(ProjectConfigurationPlatforms) = postSolution
		{BBC5550C-00F1-4EB1-9A09-D16700A0BBA1}.Debug|Any CPU.ActiveCfg = Debug|Any CPU
		{BBC5550C-00F1-4EB1-9A09-D16700A0BBA1}.Debug|Any CPU.Build.0 = Debug|Any CPU
		{BBC5550C-00F1-4EB1-9A09-D16700A0BBA1}.Release|Any CPU.ActiveCfg = Release|Any CPU
		{BBC5550C-00F1-4EB1-9A09-D16700A0BBA1}.Release|Any CPU.Build.0 = Release|Any CPU
	EndGlobalSection
	GlobalSection(SolutionProperties) = preSolution
		HideSolutionNode = FALSE
	EndGlobalSection
	GlobalSection(ExtensibilityGlobals) = postSolution
		SolutionGuid = {922361BF-1618-46B3-A61D-9593D2F88A33}
	EndGlobalSection
EndGlobal
